assertpy==1.1
asttokens==2.4.1
black==23.10.1
blessed==1.20.0
boto3==1.28.78
boto3-stubs==1.28.78
botocore==1.31.78
botocore-stubs==1.31.78
bpython==0.24
certifi==2023.7.22
cfgv==3.4.0
charset-normalizer==3.3.2
click==8.1.7
comm==0.1.4
curtsies==0.4.2
cwcwidth==0.1.9
debugpy==1.8.0
decorator==5.1.1
distlib==0.3.7
dnspython==2.4.2
docopt==0.6.2
-e git+ssh://git@github.com/cgebbe/elliptio_data_lake.git@440b93165f928a69cbcf8d58e913ce0fd9287eba#egg=elliptio
executing==2.0.1
filelock==3.13.1
gitdb==4.0.11
GitPython==3.1.40
greenlet==3.0.1
identify==2.5.31
idna==3.4
invoke==2.2.0
ipykernel==6.26.0
ipython==8.17.2
jedi==0.19.1
jmespath==1.0.1
jupyter_client==8.5.0
jupyter_core==5.5.0
matplotlib-inline==0.1.6
mypy==1.7.0
mypy-boto3-cloudformation==1.28.64
mypy-boto3-dynamodb==1.28.73
mypy-boto3-ec2==1.28.75
mypy-boto3-lambda==1.28.63
mypy-boto3-rds==1.28.76
mypy-boto3-s3==1.28.55
mypy-boto3-sqs==1.28.36
mypy-boto3-ssm==1.28.68
mypy-extensions==1.0.0
nest-asyncio==1.5.8
nodeenv==1.8.0
packaging==23.2
parso==0.8.3
pathspec==0.11.2
pexpect==4.8.0
pipreqs==0.4.13
platformdirs==3.11.0
pre-commit==3.5.0
prompt-toolkit==3.0.39
psutil==5.9.6
ptyprocess==0.7.0
pure-eval==0.2.2
Pygments==2.16.1
pymongo==4.6.0
python-dateutil==2.8.2
python-dotenv==1.0.0
pyxdg==0.28
PyYAML==6.0.1
pyzmq==25.1.1
requests==2.31.0
ruff==0.1.4
s3transfer==0.7.0
six==1.16.0
smmap==5.0.1
stack-data==0.6.3
tornado==6.3.3
traitlets==5.13.0
types-awscrt==0.19.8
types-PyYAML==6.0.12.12
types-s3transfer==0.7.0
typing_extensions==4.8.0
urllib3==2.0.7
virtualenv==20.24.6
wcwidth==0.2.9
yarg==0.1.9
